
Microsoft Visual Studio Solution File, Format Version 12.00
# Visual Studio Version 16
VisualStudioVersion = 16.0.31624.102
MinimumVisualStudioVersion = 10.0.40219.1
Project("{FAE04EC0-301F-11D3-BF4B-00C04F79EFBC}") = "EnergyCount", "EnergyCount\EnergyCount.csproj", "{8F0C2763-8212-40F7-9C3B-C9F71D7022A2}"
EndProject
Global
	GlobalSection(SolutionConfigurationPlatforms) = preSolution
		Debug|Any CPU = Debug|Any CPU
		Release|Any CPU = Release|Any CPU
	EndGlobalSection
	GlobalSection(ProjectConfigurationPlatforms) = postSolution
		{8F0C2763-8212-40F7-9C3B-C9F71D7022A2}.Debug|Any CPU.ActiveCfg = Debug|Any CPU
		{8F0C2763-8212-40F7-9C3B-C9F71D7022A2}.Debug|Any CPU.Build.0 = Debug|Any CPU
		{8F0C2763-8212-40F7-9C3B-C9F71D7022A2}.Release|Any CPU.ActiveCfg = Release|Any CPU
		{8F0C2763-8212-40F7-9C3B-C9F71D7022A2}.Release|Any CPU.Build.0 = Release|Any CPU
	EndGlobalSection
	GlobalSection(SolutionProperties) = preSolution
		HideSolutionNode = FALSE
	EndGlobalSection
	GlobalSection(ExtensibilityGlobals) = postSolution
		SolutionGuid = {F9DE7123-FE91-40A6-A96F-55FE0977FC8E}
	EndGlobalSection
EndGlobal
